
Microsoft Visual Studio Solution File, Format Version 12.00
Project("{FAE04EC0-301F-11D3-BF4B-00C04F79EFBC}") = "AfdelingsBilleder", "AfdelingsBilleder.csproj", "{EE413B51-569F-47F1-B772-EA54949C11F2}"
EndProject
Global
	GlobalSection(SolutionConfigurationPlatforms) = preSolution
		Debug|Any CPU = Debug|Any CPU
		Release|Any CPU = Release|Any CPU
	EndGlobalSection
	GlobalSection(ProjectConfigurationPlatforms) = postSolution
		{EE413B51-569F-47F1-B772-EA54949C11F2}.Debug|Any CPU.ActiveCfg = Debug|Any CPU
		{EE413B51-569F-47F1-B772-EA54949C11F2}.Debug|Any CPU.Build.0 = Debug|Any CPU
		{EE413B51-569F-47F1-B772-EA54949C11F2}.Release|Any CPU.ActiveCfg = Release|Any CPU
		{EE413B51-569F-47F1-B772-EA54949C11F2}.Release|Any CPU.Build.0 = Release|Any CPU
	EndGlobalSection
EndGlobal
